
Microsoft Visual Studio Solution File, Format Version 12.00
# Visual Studio Version 16
VisualStudioVersion = 16.0.34301.259
MinimumVisualStudioVersion = 10.0.40219.1
Project("{FAE04EC0-301F-11D3-BF4B-00C04F79EFBC}") = "PetShop", "PetShop\PetShop.csproj", "{867CD2B0-5298-4C86-93F8-6C4EBBF029E0}"
EndProject
Global
	GlobalSection(SolutionConfigurationPlatforms) = preSolution
		Debug|Any CPU = Debug|Any CPU
		Release|Any CPU = Release|Any CPU
	EndGlobalSection
	GlobalSection(ProjectConfigurationPlatforms) = postSolution
		{867CD2B0-5298-4C86-93F8-6C4EBBF029E0}.Debug|Any CPU.ActiveCfg = Debug|Any CPU
		{867CD2B0-5298-4C86-93F8-6C4EBBF029E0}.Debug|Any CPU.Build.0 = Debug|Any CPU
		{867CD2B0-5298-4C86-93F8-6C4EBBF029E0}.Release|Any CPU.ActiveCfg = Release|Any CPU
		{867CD2B0-5298-4C86-93F8-6C4EBBF029E0}.Release|Any CPU.Build.0 = Release|Any CPU
	EndGlobalSection
	GlobalSection(SolutionProperties) = preSolution
		HideSolutionNode = FALSE
	EndGlobalSection
	GlobalSection(ExtensibilityGlobals) = postSolution
		SolutionGuid = {DEC41F7D-60D8-4EEB-9E64-8C9F4AF4F083}
	EndGlobalSection
EndGlobal
